
Microsoft Visual Studio Solution File, Format Version 12.00
# Visual Studio 15
VisualStudioVersion = 15.0.27130.2036
MinimumVisualStudioVersion = 10.0.40219.1
Project("{FAE04EC0-301F-11D3-BF4B-00C04F79EFBC}") = "AlbumFigPoliticos", "AlbumFigPoliticos\AlbumFigPoliticos.csproj", "{10CE2CF4-8B4D-40EA-BD8B-BDEDE1E1961A}"
EndProject
Global
	GlobalSection(SolutionConfigurationPlatforms) = preSolution
		Debug|Any CPU = Debug|Any CPU
		Release|Any CPU = Release|Any CPU
	EndGlobalSection
	GlobalSection(ProjectConfigurationPlatforms) = postSolution
		{10CE2CF4-8B4D-40EA-BD8B-BDEDE1E1961A}.Debug|Any CPU.ActiveCfg = Debug|Any CPU
		{10CE2CF4-8B4D-40EA-BD8B-BDEDE1E1961A}.Debug|Any CPU.Build.0 = Debug|Any CPU
		{10CE2CF4-8B4D-40EA-BD8B-BDEDE1E1961A}.Release|Any CPU.ActiveCfg = Release|Any CPU
		{10CE2CF4-8B4D-40EA-BD8B-BDEDE1E1961A}.Release|Any CPU.Build.0 = Release|Any CPU
	EndGlobalSection
	GlobalSection(SolutionProperties) = preSolution
		HideSolutionNode = FALSE
	EndGlobalSection
	GlobalSection(ExtensibilityGlobals) = postSolution
		SolutionGuid = {080D3BB0-AF8F-46C1-B763-4AAF3B7D014B}
	EndGlobalSection
EndGlobal
